# THIS IS AN AUTOGENERATED FILE. DO NOT EDIT THIS FILE DIRECTLY.
# yarn lockfile v1


"@vuepress/plugin-back-to-top@^1.2.0":
  version "1.2.0"
  resolved "https://registry.yarnpkg.com/@vuepress/plugin-back-to-top/-/plugin-back-to-top-1.2.0.tgz#f6bb2f57317e94a6b0b6854719f3088481f2c0dd"
  integrity sha512-QGFT5llXnqs/nrUmNql4jZuqo5VTKx/hsK9j1uNRdGBkyiqMs6h+brSpwTKtUqh/XwsCGn7FGPZLaYNkw7Oi8w==
  dependencies:
    lodash.debounce "^4.0.8"

lodash.debounce@^4.0.8:
  version "4.0.8"
  resolved "https://registry.yarnpkg.com/lodash.debounce/-/lodash.debounce-4.0.8.tgz#82d79bff30a67c4005ffd5e2515300ad9ca4d7af"
  integrity sha1-gteb/zCmfEAF/9XiUVMArZyk168=
